
Microsoft Visual Studio Solution File, Format Version 12.00
# Visual Studio Version 17
VisualStudioVersion = 17.0.31903.59
MinimumVisualStudioVersion = 10.0.40219.1
Project("{FAE04EC0-301F-11D3-BF4B-00C04F79EFBC}") = "ChangeLogMonitor.Core", "ChangeLogMonitor.Core\ChangeLogMonitor.Core.csproj", "{A1B2C3D4-E5F6-7890-ABCD-111111111111}"
EndProject
Project("{FAE04EC0-301F-11D3-BF4B-00C04F79EFBC}") = "ChangeLogMonitor.Interceptor", "ChangeLogMonitor.Interceptor\ChangeLogMonitor.Interceptor.csproj", "{A1B2C3D4-E5F6-7890-ABCD-222222222222}"
EndProject
Project("{FAE04EC0-301F-11D3-BF4B-00C04F79EFBC}") = "ChangeLogMonitor.Configuration", "ChangeLogMonitor.Configuration\ChangeLogMonitor.Configuration.csproj", "{A1B2C3D4-E5F6-7890-ABCD-333333333333}"
EndProject
Project("{FAE04EC0-301F-11D3-BF4B-00C04F79EFBC}") = "ChangeLogMonitor.DataAggregator", "ChangeLogMonitor.DataAggregator\ChangeLogMonitor.DataAggregator.csproj", "{A1B2C3D4-E5F6-7890-ABCD-444444444444}"
EndProject
Project("{FAE04EC0-301F-11D3-BF4B-00C04F79EFBC}") = "ChangeLogMonitor.UI", "ChangeLogMonitor.UI\ChangeLogMonitor.UI.csproj", "{A1B2C3D4-E5F6-7890-ABCD-555555555555}"
EndProject
Project("{FAE04EC0-301F-11D3-BF4B-00C04F79EFBC}") = "ChangeLogMonitor.Api", "ChangeLogMonitor.Api\ChangeLogMonitor.Api.csproj", "{A1B2C3D4-E5F6-7890-ABCD-666666666666}"
EndProject
Project("{FAE04EC0-301F-11D3-BF4B-00C04F79EFBC}") = "ChangeLogMonitor.Standalone", "ChangeLogMonitor.Standalone\ChangeLogMonitor.Standalone.csproj", "{A1B2C3D4-E5F6-7890-ABCD-777777777777}"
EndProject
Project("{FAE04EC0-301F-11D3-BF4B-00C04F79EFBC}") = "ChangeLogMonitor.Embedded", "ChangeLogMonitor.Embedded\ChangeLogMonitor.Embedded.csproj", "{A1B2C3D4-E5F6-7890-ABCD-888888888888}"
EndProject
Project("{FAE04EC0-301F-11D3-BF4B-00C04F79EFBC}") = "ChangeLogMonitor.Interceptor.Tests", "ChangeLogMonitor.Interceptor.Tests\ChangeLogMonitor.Interceptor.Tests.csproj", "{A1B2C3D4-E5F6-7890-ABCD-999999999999}"
EndProject
Project("{FAE04EC0-301F-11D3-BF4B-00C04F79EFBC}") = "ChangeLogMonitor.Configuration.Tests", "ChangeLogMonitor.Configuration.Tests\ChangeLogMonitor.Configuration.Tests.csproj", "{A1B2C3D4-E5F6-7890-ABCD-AAAAAAAAAAAA}"
EndProject
Project("{FAE04EC0-301F-11D3-BF4B-00C04F79EFBC}") = "ChangeLogMonitor.Protos", "ChangeLogMonitor.Protos\ChangeLogMonitor.Protos.csproj", "{A8D608EF-8AB5-4F2E-B542-DAC0179A712D}"
EndProject
Project("{FAE04EC0-301F-11D3-BF4B-00C04F79EFBC}") = "ChangeLogMonitor.TestHarness", "ChangeLogMonitor.TestHarness\ChangeLogMonitor.TestHarness.csproj", "{728C972B-1CAC-4503-8E5B-15E8CAF410DF}"
EndProject
Project("{FAE04EC0-301F-11D3-BF4B-00C04F79EFBC}") = "ChangeLogMonitor.DataAggregator.Tests", "ChangeLogMonitor.DataAggregator.Tests\ChangeLogMonitor.DataAggregator.Tests.csproj", "{C6230BD9-12A9-4761-963C-7ECCFE6031CC}"
EndProject
Project("{FAE04EC0-301F-11D3-BF4B-00C04F79EFBC}") = "ChangeLogMonitor.Finalization", "ChangeLogMonitor.Finalization\ChangeLogMonitor.Finalization.csproj", "{B9D4DC13-68BE-4A4C-A320-6006F21A22B3}"
EndProject
Project("{FAE04EC0-301F-11D3-BF4B-00C04F79EFBC}") = "ChangeLogMonitor.Finalization.Tests", "ChangeLogMonitor.Finalization.Tests\ChangeLogMonitor.Finalization.Tests.csproj", "{166E5731-6B6E-40DF-8B6E-A51077502426}"
EndProject
Project("{FAE04EC0-301F-11D3-BF4B-00C04F79EFBC}") = "ChangeLogMonitor.Integration.Tests", "ChangeLogMonitor.Integration.Tests\ChangeLogMonitor.Integration.Tests.csproj", "{4476102F-D7B2-4EDF-AC32-3578A3CB86CB}"
EndProject
Global
	GlobalSection(SolutionConfigurationPlatforms) = preSolution
		Debug|Any CPU = Debug|Any CPU
		Release|Any CPU = Release|Any CPU
	EndGlobalSection
	GlobalSection(ProjectConfigurationPlatforms) = postSolution
		{A1B2C3D4-E5F6-7890-ABCD-111111111111}.Debug|Any CPU.ActiveCfg = Debug|Any CPU
		{A1B2C3D4-E5F6-7890-ABCD-111111111111}.Debug|Any CPU.Build.0 = Debug|Any CPU
		{A1B2C3D4-E5F6-7890-ABCD-111111111111}.Release|Any CPU.ActiveCfg = Release|Any CPU
		{A1B2C3D4-E5F6-7890-ABCD-111111111111}.Release|Any CPU.Build.0 = Release|Any CPU
		{A1B2C3D4-E5F6-7890-ABCD-222222222222}.Debug|Any CPU.ActiveCfg = Debug|Any CPU
		{A1B2C3D4-E5F6-7890-ABCD-222222222222}.Debug|Any CPU.Build.0 = Debug|Any CPU
		{A1B2C3D4-E5F6-7890-ABCD-222222222222}.Release|Any CPU.ActiveCfg = Release|Any CPU
		{A1B2C3D4-E5F6-7890-ABCD-222222222222}.Release|Any CPU.Build.0 = Release|Any CPU
		{A1B2C3D4-E5F6-7890-ABCD-333333333333}.Debug|Any CPU.ActiveCfg = Debug|Any CPU
		{A1B2C3D4-E5F6-7890-ABCD-333333333333}.Debug|Any CPU.Build.0 = Debug|Any CPU
		{A1B2C3D4-E5F6-7890-ABCD-333333333333}.Release|Any CPU.ActiveCfg = Release|Any CPU
		{A1B2C3D4-E5F6-7890-ABCD-333333333333}.Release|Any CPU.Build.0 = Release|Any CPU
		{A1B2C3D4-E5F6-7890-ABCD-444444444444}.Debug|Any CPU.ActiveCfg = Debug|Any CPU
		{A1B2C3D4-E5F6-7890-ABCD-444444444444}.Debug|Any CPU.Build.0 = Debug|Any CPU
		{A1B2C3D4-E5F6-7890-ABCD-444444444444}.Release|Any CPU.ActiveCfg = Release|Any CPU
		{A1B2C3D4-E5F6-7890-ABCD-444444444444}.Release|Any CPU.Build.0 = Release|Any CPU
		{A1B2C3D4-E5F6-7890-ABCD-555555555555}.Debug|Any CPU.ActiveCfg = Debug|Any CPU
		{A1B2C3D4-E5F6-7890-ABCD-555555555555}.Debug|Any CPU.Build.0 = Debug|Any CPU
		{A1B2C3D4-E5F6-7890-ABCD-555555555555}.Release|Any CPU.ActiveCfg = Release|Any CPU
		{A1B2C3D4-E5F6-7890-ABCD-555555555555}.Release|Any CPU.Build.0 = Release|Any CPU
		{A1B2C3D4-E5F6-7890-ABCD-666666666666}.Debug|Any CPU.ActiveCfg = Debug|Any CPU
		{A1B2C3D4-E5F6-7890-ABCD-666666666666}.Debug|Any CPU.Build.0 = Debug|Any CPU
		{A1B2C3D4-E5F6-7890-ABCD-666666666666}.Release|Any CPU.ActiveCfg = Release|Any CPU
		{A1B2C3D4-E5F6-7890-ABCD-666666666666}.Release|Any CPU.Build.0 = Release|Any CPU
		{A1B2C3D4-E5F6-7890-ABCD-777777777777}.Debug|Any CPU.ActiveCfg = Debug|Any CPU
		{A1B2C3D4-E5F6-7890-ABCD-777777777777}.Debug|Any CPU.Build.0 = Debug|Any CPU
		{A1B2C3D4-E5F6-7890-ABCD-777777777777}.Release|Any CPU.ActiveCfg = Release|Any CPU
		{A1B2C3D4-E5F6-7890-ABCD-777777777777}.Release|Any CPU.Build.0 = Release|Any CPU
		{A1B2C3D4-E5F6-7890-ABCD-888888888888}.Debug|Any CPU.ActiveCfg = Debug|Any CPU
		{A1B2C3D4-E5F6-7890-ABCD-888888888888}.Debug|Any CPU.Build.0 = Debug|Any CPU
		{A1B2C3D4-E5F6-7890-ABCD-888888888888}.Release|Any CPU.ActiveCfg = Release|Any CPU
		{A1B2C3D4-E5F6-7890-ABCD-888888888888}.Release|Any CPU.Build.0 = Release|Any CPU
		{A1B2C3D4-E5F6-7890-ABCD-999999999999}.Debug|Any CPU.ActiveCfg = Debug|Any CPU
		{A1B2C3D4-E5F6-7890-ABCD-999999999999}.Debug|Any CPU.Build.0 = Debug|Any CPU
		{A1B2C3D4-E5F6-7890-ABCD-999999999999}.Release|Any CPU.ActiveCfg = Release|Any CPU
		{A1B2C3D4-E5F6-7890-ABCD-999999999999}.Release|Any CPU.Build.0 = Release|Any CPU
		{A1B2C3D4-E5F6-7890-ABCD-AAAAAAAAAAAA}.Debug|Any CPU.ActiveCfg = Debug|Any CPU
		{A1B2C3D4-E5F6-7890-ABCD-AAAAAAAAAAAA}.Debug|Any CPU.Build.0 = Debug|Any CPU
		{A1B2C3D4-E5F6-7890-ABCD-AAAAAAAAAAAA}.Release|Any CPU.ActiveCfg = Release|Any CPU
		{A1B2C3D4-E5F6-7890-ABCD-AAAAAAAAAAAA}.Release|Any CPU.Build.0 = Release|Any CPU
		{A8D608EF-8AB5-4F2E-B542-DAC0179A712D}.Debug|Any CPU.ActiveCfg = Debug|Any CPU
		{A8D608EF-8AB5-4F2E-B542-DAC0179A712D}.Debug|Any CPU.Build.0 = Debug|Any CPU
		{A8D608EF-8AB5-4F2E-B542-DAC0179A712D}.Release|Any CPU.ActiveCfg = Release|Any CPU
		{A8D608EF-8AB5-4F2E-B542-DAC0179A712D}.Release|Any CPU.Build.0 = Release|Any CPU
		{728C972B-1CAC-4503-8E5B-15E8CAF410DF}.Debug|Any CPU.ActiveCfg = Debug|Any CPU
		{728C972B-1CAC-4503-8E5B-15E8CAF410DF}.Debug|Any CPU.Build.0 = Debug|Any CPU
		{728C972B-1CAC-4503-8E5B-15E8CAF410DF}.Release|Any CPU.ActiveCfg = Release|Any CPU
		{728C972B-1CAC-4503-8E5B-15E8CAF410DF}.Release|Any CPU.Build.0 = Release|Any CPU
		{C6230BD9-12A9-4761-963C-7ECCFE6031CC}.Debug|Any CPU.ActiveCfg = Debug|Any CPU
		{C6230BD9-12A9-4761-963C-7ECCFE6031CC}.Debug|Any CPU.Build.0 = Debug|Any CPU
		{C6230BD9-12A9-4761-963C-7ECCFE6031CC}.Release|Any CPU.ActiveCfg = Release|Any CPU
		{C6230BD9-12A9-4761-963C-7ECCFE6031CC}.Release|Any CPU.Build.0 = Release|Any CPU
		{B9D4DC13-68BE-4A4C-A320-6006F21A22B3}.Debug|Any CPU.ActiveCfg = Debug|Any CPU
		{B9D4DC13-68BE-4A4C-A320-6006F21A22B3}.Debug|Any CPU.Build.0 = Debug|Any CPU
		{B9D4DC13-68BE-4A4C-A320-6006F21A22B3}.Release|Any CPU.ActiveCfg = Release|Any CPU
		{B9D4DC13-68BE-4A4C-A320-6006F21A22B3}.Release|Any CPU.Build.0 = Release|Any CPU
		{166E5731-6B6E-40DF-8B6E-A51077502426}.Debug|Any CPU.ActiveCfg = Debug|Any CPU
		{166E5731-6B6E-40DF-8B6E-A51077502426}.Debug|Any CPU.Build.0 = Debug|Any CPU
		{166E5731-6B6E-40DF-8B6E-A51077502426}.Release|Any CPU.ActiveCfg = Release|Any CPU
		{166E5731-6B6E-40DF-8B6E-A51077502426}.Release|Any CPU.Build.0 = Release|Any CPU
		{4476102F-D7B2-4EDF-AC32-3578A3CB86CB}.Debug|Any CPU.ActiveCfg = Debug|Any CPU
		{4476102F-D7B2-4EDF-AC32-3578A3CB86CB}.Debug|Any CPU.Build.0 = Debug|Any CPU
		{4476102F-D7B2-4EDF-AC32-3578A3CB86CB}.Release|Any CPU.ActiveCfg = Release|Any CPU
		{4476102F-D7B2-4EDF-AC32-3578A3CB86CB}.Release|Any CPU.Build.0 = Release|Any CPU
	EndGlobalSection
EndGlobal
